
Microsoft Visual Studio Solution File, Format Version 12.00
# Visual Studio Version 16
VisualStudioVersion = 16.0.30907.101
MinimumVisualStudioVersion = 10.0.40219.1
Project("{FAE04EC0-301F-11D3-BF4B-00C04F79EFBC}") = "WindowsFormsApp1", "WindowsFormsApp1\WindowsFormsApp1.csproj", "{F85E2F81-9A65-468D-8555-7DB0DC288A65}"
EndProject
Global
	GlobalSection(SolutionConfigurationPlatforms) = preSolution
		Debug|Any CPU = Debug|Any CPU
		Release|Any CPU = Release|Any CPU
	EndGlobalSection
	GlobalSection(ProjectConfigurationPlatforms) = postSolution
		{F85E2F81-9A65-468D-8555-7DB0DC288A65}.Debug|Any CPU.ActiveCfg = Debug|Any CPU
		{F85E2F81-9A65-468D-8555-7DB0DC288A65}.Debug|Any CPU.Build.0 = Debug|Any CPU
		{F85E2F81-9A65-468D-8555-7DB0DC288A65}.Release|Any CPU.ActiveCfg = Release|Any CPU
		{F85E2F81-9A65-468D-8555-7DB0DC288A65}.Release|Any CPU.Build.0 = Release|Any CPU
	EndGlobalSection
	GlobalSection(SolutionProperties) = preSolution
		HideSolutionNode = FALSE
	EndGlobalSection
	GlobalSection(ExtensibilityGlobals) = postSolution
		SolutionGuid = {4B6E3666-BC5C-4D30-8164-8F3EE7F99F3B}
	EndGlobalSection
EndGlobal
